
Microsoft Visual Studio Solution File, Format Version 12.00
# Visual Studio Version 17
VisualStudioVersion = 17.7.34202.233
MinimumVisualStudioVersion = 10.0.40219.1
Project("{FAE04EC0-301F-11D3-BF4B-00C04F79EFBC}") = "Week8EpicGame", "Week8EpicGame\Week8EpicGame.csproj", "{4563C58B-1A5A-45C5-ACCD-36C1D8AA4243}"
EndProject
Global
	GlobalSection(SolutionConfigurationPlatforms) = preSolution
		Debug|Any CPU = Debug|Any CPU
		Release|Any CPU = Release|Any CPU
	EndGlobalSection
	GlobalSection(ProjectConfigurationPlatforms) = postSolution
		{4563C58B-1A5A-45C5-ACCD-36C1D8AA4243}.Debug|Any CPU.ActiveCfg = Debug|Any CPU
		{4563C58B-1A5A-45C5-ACCD-36C1D8AA4243}.Debug|Any CPU.Build.0 = Debug|Any CPU
		{4563C58B-1A5A-45C5-ACCD-36C1D8AA4243}.Release|Any CPU.ActiveCfg = Release|Any CPU
		{4563C58B-1A5A-45C5-ACCD-36C1D8AA4243}.Release|Any CPU.Build.0 = Release|Any CPU
	EndGlobalSection
	GlobalSection(SolutionProperties) = preSolution
		HideSolutionNode = FALSE
	EndGlobalSection
	GlobalSection(ExtensibilityGlobals) = postSolution
		SolutionGuid = {040B5A42-A0F0-4BA0-B3A1-7DB6582F0DB3}
	EndGlobalSection
EndGlobal
